// !$*UTF8*$!
{
	archiveVersion = 1;
	classes = {
	};
	objectVersion = 55;
	objects = {

/* Begin PBXBuildFile section */
		9BDA98B927A32BC5009FA7A4 /* AppDelegate.swift in Sources */ = {isa = PBXBuildFile; fileRef = 9BDA98B827A32BC5009FA7A4 /* AppDelegate.swift */; };
		9BDA98BB27A32BC5009FA7A4 /* SceneDelegate.swift in Sources */ = {isa = PBXBuildFile; fileRef = 9BDA98BA27A32BC5009FA7A4 /* SceneDelegate.swift */; };
		9BDA98BD27A32BC5009FA7A4 /* ViewController.swift in Sources */ = {isa = PBXBuildFile; fileRef = 9BDA98BC27A32BC5009FA7A4 /* ViewController.swift */; };
		9BDA98C027A32BC5009FA7A4 /* Main.storyboard in Resources */ = {isa = PBXBuildFile; fileRef = 9BDA98BE27A32BC5009FA7A4 /* Main.storyboard */; };
		9BDA98C227A32BC7009FA7A4 /* Assets.xcassets in Resources */ = {isa = PBXBuildFile; fileRef = 9BDA98C127A32BC7009FA7A4 /* Assets.xcassets */; };
		9BDA98C527A32BC7009FA7A4 /* LaunchScreen.storyboard in Resources */ = {isa = PBXBuildFile; fileRef = 9BDA98C327A32BC7009FA7A4 /* LaunchScreen.storyboard */; };
		9BDA98D027A32BC7009FA7A4 /* swiftpackgemanager_dioTests.swift in Sources */ = {isa = PBXBuildFile; fileRef = 9BDA98CF27A32BC7009FA7A4 /* swiftpackgemanager_dioTests.swift */; };
		9BDA98DA27A32BC7009FA7A4 /* swiftpackgemanager_dioUITests.swift in Sources */ = {isa = PBXBuildFile; fileRef = 9BDA98D927A32BC7009FA7A4 /* swiftpackgemanager_dioUITests.swift */; };
		9BDA98DC27A32BC7009FA7A4 /* swiftpackgemanager_dioUITestsLaunchTests.swift in Sources */ = {isa = PBXBuildFile; fileRef = 9BDA98DB27A32BC7009FA7A4 /* swiftpackgemanager_dioUITestsLaunchTests.swift */; };
/* End PBXBuildFile section */

/* Begin PBXContainerItemProxy section */
		9BDA98CC27A32BC7009FA7A4 /* PBXContainerItemProxy */ = {
			isa = PBXContainerItemProxy;
			containerPortal = 9BDA98AD27A32BC5009FA7A4 /* Project object */;
			proxyType = 1;
			remoteGlobalIDString = 9BDA98B427A32BC5009FA7A4;
			remoteInfo = "swiftpackgemanager-dio";
		};
		9BDA98D627A32BC7009FA7A4 /* PBXContainerItemProxy */ = {
			isa = PBXContainerItemProxy;
			containerPortal = 9BDA98AD27A32BC5009FA7A4 /* Project object */;
			proxyType = 1;
			remoteGlobalIDString = 9BDA98B427A32BC5009FA7A4;
			remoteInfo = "swiftpackgemanager-dio";
		};
/* End PBXContainerItemProxy section */

/* Begin PBXFileReference section */
		9BDA98B527A32BC5009FA7A4 /* swiftpackgemanager-dio.app */ = {isa = PBXFileReference; explicitFileType = wrapper.application; includeInIndex = 0; path = "swiftpackgemanager-dio.app"; sourceTree = BUILT_PRODUCTS_DIR; };
		9BDA98B827A32BC5009FA7A4 /* AppDelegate.swift */ = {isa = PBXFileReference; lastKnownFileType = sourcecode.swift; path = AppDelegate.swift; sourceTree = "<group>"; };
		9BDA98BA27A32BC5009FA7A4 /* SceneDelegate.swift */ = {isa = PBXFileReference; lastKnownFileType = sourcecode.swift; path = SceneDelegate.swift; sourceTree = "<group>"; };
		9BDA98BC27A32BC5009FA7A4 /* ViewController.swift */ = {isa = PBXFileReference; lastKnownFileType = sourcecode.swift; path = ViewController.swift; sourceTree = "<group>"; };
		9BDA98BF27A32BC5009FA7A4 /* Base */ = {isa = PBXFileReference; lastKnownFileType = file.storyboard; name = Base; path = Base.lproj/Main.storyboard; sourceTree = "<group>"; };
		9BDA98C127A32BC7009FA7A4 /* Assets.xcassets */ = {isa = PBXFileReference; lastKnownFileType = folder.assetcatalog; path = Assets.xcassets; sourceTree = "<group>"; };
		9BDA98C427A32BC7009FA7A4 /* Base */ = {isa = PBXFileReference; lastKnownFileType = file.storyboard; name = Base; path = Base.lproj/LaunchScreen.storyboard; sourceTree = "<group>"; };
		9BDA98C627A32BC7009FA7A4 /* Info.plist */ = {isa = PBXFileReference; lastKnownFileType = text.plist.xml; path = Info.plist; sourceTree = "<group>"; };
		9BDA98CB27A32BC7009FA7A4 /* swiftpackgemanager-dioTests.xctest */ = {isa = PBXFileReference; explicitFileType = wrapper.cfbundle; includeInIndex = 0; path = "swiftpackgemanager-dioTests.xctest"; sourceTree = BUILT_PRODUCTS_DIR; };
		9BDA98CF27A32BC7009FA7A4 /* swiftpackgemanager_dioTests.swift */ = {isa = PBXFileReference; lastKnownFileType = sourcecode.swift; path = swiftpackgemanager_dioTests.swift; sourceTree = "<group>"; };
		9BDA98D527A32BC7009FA7A4 /* swiftpackgemanager-dioUITests.xctest */ = {isa = PBXFileReference; explicitFileType = wrapper.cfbundle; includeInIndex = 0; path = "swiftpackgemanager-dioUITests.xctest"; sourceTree = BUILT_PRODUCTS_DIR; };
		9BDA98D927A32BC7009FA7A4 /* swiftpackgemanager_dioUITests.swift */ = {isa = PBXFileReference; lastKnownFileType = sourcecode.swift; path = swiftpackgemanager_dioUITests.swift; sourceTree = "<group>"; };
		9BDA98DB27A32BC7009FA7A4 /* swiftpackgemanager_dioUITestsLaunchTests.swift */ = {isa = PBXFileReference; lastKnownFileType = sourcecode.swift; path = swiftpackgemanager_dioUITestsLaunchTests.swift; sourceTree = "<group>"; };
/* End PBXFileReference section */

/* Begin PBXFrameworksBuildPhase section */
		9BDA98B227A32BC5009FA7A4 /* Frameworks */ = {
			isa = PBXFrameworksBuildPhase;
			buildActionMask = 2147483647;
			files = (
			);
			runOnlyForDeploymentPostprocessing = 0;
		};
		9BDA98C827A32BC7009FA7A4 /* Frameworks */ = {
			isa = PBXFrameworksBuildPhase;
			buildActionMask = 2147483647;
			files = (
			);
			runOnlyForDeploymentPostprocessing = 0;
		};
		9BDA98D227A32BC7009FA7A4 /* Frameworks */ = {
			isa = PBXFrameworksBuildPhase;
			buildActionMask = 2147483647;
			files = (
			);
			runOnlyForDeploymentPostprocessing = 0;
		};
/* End PBXFrameworksBuildPhase section */

/* Begin PBXGroup section */
		9BDA98AC27A32BC5009FA7A4 = {
			isa = PBXGroup;
			children = (
				9BDA98B727A32BC5009FA7A4 /* swiftpackgemanager-dio */,
				9BDA98CE27A32BC7009FA7A4 /* swiftpackgemanager-dioTests */,
				9BDA98D827A32BC7009FA7A4 /* swiftpackgemanager-dioUITests */,
				9BDA98B627A32BC5009FA7A4 /* Products */,
			);
			sourceTree = "<group>";
		};
		9BDA98B627A32BC5009FA7A4 /* Products */ = {
			isa = PBXGroup;
			children = (
				9BDA98B527A32BC5009FA7A4 /* swiftpackgemanager-dio.app */,
				9BDA98CB27A32BC7009FA7A4 /* swiftpackgemanager-dioTests.xctest */,
				9BDA98D527A32BC7009FA7A4 /* swiftpackgemanager-dioUITests.xctest */,
			);
			name = Products;
			sourceTree = "<group>";
		};
		9BDA98B727A32BC5009FA7A4 /* swiftpackgemanager-dio */ = {
			isa = PBXGroup;
			children = (
				9BDA98B827A32BC5009FA7A4 /* AppDelegate.swift */,
				9BDA98BA27A32BC5009FA7A4 /* SceneDelegate.swift */,
				9BDA98BC27A32BC5009FA7A4 /* ViewController.swift */,
				9BDA98BE27A32BC5009FA7A4 /* Main.storyboard */,
				9BDA98C127A32BC7009FA7A4 /* Assets.xcassets */,
				9BDA98C327A32BC7009FA7A4 /* LaunchScreen.storyboard */,
				9BDA98C627A32BC7009FA7A4 /* Info.plist */,
			);
			path = "swiftpackgemanager-dio";
			sourceTree = "<group>";
		};
		9BDA98CE27A32BC7009FA7A4 /* swiftpackgemanager-dioTests */ = {
			isa = PBXGroup;
			children = (
				9BDA98CF27A32BC7009FA7A4 /* swiftpackgemanager_dioTests.swift */,
			);
			path = "swiftpackgemanager-dioTests";
			sourceTree = "<group>";
		};
		9BDA98D827A32BC7009FA7A4 /* swiftpackgemanager-dioUITests */ = {
			isa = PBXGroup;
			children = (
				9BDA98D927A32BC7009FA7A4 /* swiftpackgemanager_dioUITests.swift */,
				9BDA98DB27A32BC7009FA7A4 /* swiftpackgemanager_dioUITestsLaunchTests.swift */,
			);
			path = "swiftpackgemanager-dioUITests";
			sourceTree = "<group>";
		};
/* End PBXGroup section */

/* Begin PBXNativeTarget section */
		9BDA98B427A32BC5009FA7A4 /* swiftpackgemanager-dio */ = {
			isa = PBXNativeTarget;
			buildConfigurationList = 9BDA98DF27A32BC7009FA7A4 /* Build configuration list for PBXNativeTarget "swiftpackgemanager-dio" */;
			buildPhases = (
				9BDA98B127A32BC5009FA7A4 /* Sources */,
				9BDA98B227A32BC5009FA7A4 /* Frameworks */,
				9BDA98B327A32BC5009FA7A4 /* Resources */,
			);
			buildRules = (
			);
			dependencies = (
			);
			name = "swiftpackgemanager-dio";
			productName = "swiftpackgemanager-dio";
			productReference = 9BDA98B527A32BC5009FA7A4 /* swiftpackgemanager-dio.app */;
			productType = "com.apple.product-type.application";
		};
		9BDA98CA27A32BC7009FA7A4 /* swiftpackgemanager-dioTests */ = {
			isa = PBXNativeTarget;
			buildConfigurationList = 9BDA98E227A32BC7009FA7A4 /* Build configuration list for PBXNativeTarget "swiftpackgemanager-dioTests" */;
			buildPhases = (
				9BDA98C727A32BC7009FA7A4 /* Sources */,
				9BDA98C827A32BC7009FA7A4 /* Frameworks */,
				9BDA98C927A32BC7009FA7A4 /* Resources */,
			);
			buildRules = (
			);
			dependencies = (
				9BDA98CD27A32BC7009FA7A4 /* PBXTargetDependency */,
			);
			name = "swiftpackgemanager-dioTests";
			productName = "swiftpackgemanager-dioTests";
			productReference = 9BDA98CB27A32BC7009FA7A4 /* swiftpackgemanager-dioTests.xctest */;
			productType = "com.apple.product-type.bundle.unit-test";
		};
		9BDA98D427A32BC7009FA7A4 /* swiftpackgemanager-dioUITests */ = {
			isa = PBXNativeTarget;
			buildConfigurationList = 9BDA98E527A32BC7009FA7A4 /* Build configuration list for PBXNativeTarget "swiftpackgemanager-dioUITests" */;
			buildPhases = (
				9BDA98D127A32BC7009FA7A4 /* Sources */,
				9BDA98D227A32BC7009FA7A4 /* Frameworks */,
				9BDA98D327A32BC7009FA7A4 /* Resources */,
			);
			buildRules = (
			);
			dependencies = (
				9BDA98D727A32BC7009FA7A4 /* PBXTargetDependency */,
			);
			name = "swiftpackgemanager-dioUITests";
			productName = "swiftpackgemanager-dioUITests";
			productReference = 9BDA98D527A32BC7009FA7A4 /* swiftpackgemanager-dioUITests.xctest */;
			productType = "com.apple.product-type.bundle.ui-testing";
		};
/* End PBXNativeTarget section */

/* Begin PBXProject section */
		9BDA98AD27A32BC5009FA7A4 /* Project object */ = {
			isa = PBXProject;
			attributes = {
				BuildIndependentTargetsInParallel = 1;
				LastSwiftUpdateCheck = 1320;
				LastUpgradeCheck = 1320;
				TargetAttributes = {
					9BDA98B427A32BC5009FA7A4 = {
						CreatedOnToolsVersion = 13.2.1;
					};
					9BDA98CA27A32BC7009FA7A4 = {
						CreatedOnToolsVersion = 13.2.1;
						TestTargetID = 9BDA98B427A32BC5009FA7A4;
					};
					9BDA98D427A32BC7009FA7A4 = {
						CreatedOnToolsVersion = 13.2.1;
						TestTargetID = 9BDA98B427A32BC5009FA7A4;
					};
				};
			};
			buildConfigurationList = 9BDA98B027A32BC5009FA7A4 /* Build configuration list for PBXProject "swiftpackgemanager-dio" */;
			compatibilityVersion = "Xcode 13.0";
			developmentRegion = en;
			hasScannedForEncodings = 0;
			knownRegions = (
				en,
				Base,
			);
			mainGroup = 9BDA98AC27A32BC5009FA7A4;
			productRefGroup = 9BDA98B627A32BC5009FA7A4 /* Products */;
			projectDirPath = "";
			projectRoot = "";
			targets = (
				9BDA98B427A32BC5009FA7A4 /* swiftpackgemanager-dio */,
				9BDA98CA27A32BC7009FA7A4 /* swiftpackgemanager-dioTests */,
				9BDA98D427A32BC7009FA7A4 /* swiftpackgemanager-dioUITests */,
			);
		};
/* End PBXProject section */

/* Begin PBXResourcesBuildPhase section */
		9BDA98B327A32BC5009FA7A4 /* Resources */ = {
			isa = PBXResourcesBuildPhase;
			buildActionMask = 2147483647;
			files = (
				9BDA98C527A32BC7009FA7A4 /* LaunchScreen.storyboard in Resources */,
				9BDA98C227A32BC7009FA7A4 /* Assets.xcassets in Resources */,
				9BDA98C027A32BC5009FA7A4 /* Main.storyboard in Resources */,
			);
			runOnlyForDeploymentPostprocessing = 0;
		};
		9BDA98C927A32BC7009FA7A4 /* Resources */ = {
			isa = PBXResourcesBuildPhase;
			buildActionMask = 2147483647;
			files = (
			);
			runOnlyForDeploymentPostprocessing = 0;
		};
		9BDA98D327A32BC7009FA7A4 /* Resources */ = {
			isa = PBXResourcesBuildPhase;
			buildActionMask = 2147483647;
			files = (
			);
			runOnlyForDeploymentPostprocessing = 0;
		};
/* End PBXResourcesBuildPhase section */

/* Begin PBXSourcesBuildPhase section */
		9BDA98B127A32BC5009FA7A4 /* Sources */ = {
			isa = PBXSourcesBuildPhase;
			buildActionMask = 2147483647;
			files = (
				9BDA98BD27A32BC5009FA7A4 /* ViewController.swift in Sources */,
				9BDA98B927A32BC5009FA7A4 /* AppDelegate.swift in Sources */,
				9BDA98BB27A32BC5009FA7A4 /* SceneDelegate.swift in Sources */,
			);
			runOnlyForDeploymentPostprocessing = 0;
		};
		9BDA98C727A32BC7009FA7A4 /* Sources */ = {
			isa = PBXSourcesBuildPhase;
			buildActionMask = 2147483647;
			files = (
				9BDA98D027A32BC7009FA7A4 /* swiftpackgemanager_dioTests.swift in Sources */,
			);
			runOnlyForDeploymentPostprocessing = 0;
		};
		9BDA98D127A32BC7009FA7A4 /* Sources */ = {
			isa = PBXSourcesBuildPhase;
			buildActionMask = 2147483647;
			files = (
				9BDA98DC27A32BC7009FA7A4 /* swiftpackgemanager_dioUITestsLaunchTests.swift in Sources */,
				9BDA98DA27A32BC7009FA7A4 /* swiftpackgemanager_dioUITests.swift in Sources */,
			);
			runOnlyForDeploymentPostprocessing = 0;
		};
/* End PBXSourcesBuildPhase section */

/* Begin PBXTargetDependency section */
		9BDA98CD27A32BC7009FA7A4 /* PBXTargetDependency */ = {
			isa = PBXTargetDependency;
			target = 9BDA98B427A32BC5009FA7A4 /* swiftpackgemanager-dio */;
			targetProxy = 9BDA98CC27A32BC7009FA7A4 /* PBXContainerItemProxy */;
		};
		9BDA98D727A32BC7009FA7A4 /* PBXTargetDependency */ = {
			isa = PBXTargetDependency;
			target = 9BDA98B427A32BC5009FA7A4 /* swiftpackgemanager-dio */;
			targetProxy = 9BDA98D627A32BC7009FA7A4 /* PBXContainerItemProxy */;
		};
/* End PBXTargetDependency section */

/* Begin PBXVariantGroup section */
		9BDA98BE27A32BC5009FA7A4 /* Main.storyboard */ = {
			isa = PBXVariantGroup;
			children = (
				9BDA98BF27A32BC5009FA7A4 /* Base */,
			);
			name = Main.storyboard;
			sourceTree = "<group>";
		};
		9BDA98C327A32BC7009FA7A4 /* LaunchScreen.storyboard */ = {
			isa = PBXVariantGroup;
			children = (
				9BDA98C427A32BC7009FA7A4 /* Base */,
			);
			name = LaunchScreen.storyboard;
			sourceTree = "<group>";
		};
/* End PBXVariantGroup section */

/* Begin XCBuildConfiguration section */
		9BDA98DD27A32BC7009FA7A4 /* Debug */ = {
			isa = XCBuildConfiguration;
			buildSettings = {
				ALWAYS_SEARCH_USER_PATHS = NO;
				CLANG_ANALYZER_NONNULL = YES;
				CLANG_ANALYZER_NUMBER_OBJECT_CONVERSION = YES_AGGRESSIVE;
				CLANG_CXX_LANGUAGE_STANDARD = "gnu++17";
				CLANG_CXX_LIBRARY = "libc++";
				CLANG_ENABLE_MODULES = YES;
				CLANG_ENABLE_OBJC_ARC = YES;
				CLANG_ENABLE_OBJC_WEAK = YES;
				CLANG_WARN_BLOCK_CAPTURE_AUTORELEASING = YES;
				CLANG_WARN_BOOL_CONVERSION = YES;
				CLANG_WARN_COMMA = YES;
				CLANG_WARN_CONSTANT_CONVERSION = YES;
				CLANG_WARN_DEPRECATED_OBJC_IMPLEMENTATIONS = YES;
				CLANG_WARN_DIRECT_OBJC_ISA_USAGE = YES_ERROR;
				CLANG_WARN_DOCUMENTATION_COMMENTS = YES;
				CLANG_WARN_EMPTY_BODY = YES;
				CLANG_WARN_ENUM_CONVERSION = YES;
				CLANG_WARN_INFINITE_RECURSION = YES;
				CLANG_WARN_INT_CONVERSION = YES;
				CLANG_WARN_NON_LITERAL_NULL_CONVERSION = YES;
				CLANG_WARN_OBJC_IMPLICIT_RETAIN_SELF = YES;
				CLANG_WARN_OBJC_LITERAL_CONVERSION = YES;
				CLANG_WARN_OBJC_ROOT_CLASS = YES_ERROR;
				CLANG_WARN_QUOTED_INCLUDE_IN_FRAMEWORK_HEADER = YES;
				CLANG_WARN_RANGE_LOOP_ANALYSIS = YES;
				CLANG_WARN_STRICT_PROTOTYPES = YES;
				CLANG_WARN_SUSPICIOUS_MOVE = YES;
				CLANG_WARN_UNGUARDED_AVAILABILITY = YES_AGGRESSIVE;
				CLANG_WARN_UNREACHABLE_CODE = YES;
				CLANG_WARN__DUPLICATE_METHOD_MATCH = YES;
				COPY_PHASE_STRIP = NO;
				DEBUG_INFORMATION_FORMAT = dwarf;
				ENABLE_STRICT_OBJC_MSGSEND = YES;
				ENABLE_TESTABILITY = YES;
				GCC_C_LANGUAGE_STANDARD = gnu11;
				GCC_DYNAMIC_NO_PIC = NO;
				GCC_NO_COMMON_BLOCKS = YES;
				GCC_OPTIMIZATION_LEVEL = 0;
				GCC_PREPROCESSOR_DEFINITIONS = (
					"DEBUG=1",
					"$(inherited)",
				);
				GCC_WARN_64_TO_32_BIT_CONVERSION = YES;
				GCC_WARN_ABOUT_RETURN_TYPE = YES_ERROR;
				GCC_WARN_UNDECLARED_SELECTOR = YES;
				GCC_WARN_UNINITIALIZED_AUTOS = YES_AGGRESSIVE;
				GCC_WARN_UNUSED_FUNCTION = YES;
				GCC_WARN_UNUSED_VARIABLE = YES;
				IPHONEOS_DEPLOYMENT_TARGET = 15.2;
				MTL_ENABLE_DEBUG_INFO = INCLUDE_SOURCE;
				MTL_FAST_MATH = YES;
				ONLY_ACTIVE_ARCH = YES;
				SDKROOT = iphoneos;
				SWIFT_ACTIVE_COMPILATION_CONDITIONS = DEBUG;
				SWIFT_OPTIMIZATION_LEVEL = "-Onone";
			};
			name = Debug;
		};
		9BDA98DE27A32BC7009FA7A4 /* Release */ = {
			isa = XCBuildConfiguration;
			buildSettings = {
				ALWAYS_SEARCH_USER_PATHS = NO;
				CLANG_ANALYZER_NONNULL = YES;
				CLANG_ANALYZER_NUMBER_OBJECT_CONVERSION = YES_AGGRESSIVE;
				CLANG_CXX_LANGUAGE_STANDARD = "gnu++17";
				CLANG_CXX_LIBRARY = "libc++";
				CLANG_ENABLE_MODULES = YES;
				CLANG_ENABLE_OBJC_ARC = YES;
				CLANG_ENABLE_OBJC_WEAK = YES;
				CLANG_WARN_BLOCK_CAPTURE_AUTORELEASING = YES;
				CLANG_WARN_BOOL_CONVERSION = YES;
				CLANG_WARN_COMMA = YES;
				CLANG_WARN_CONSTANT_CONVERSION = YES;
				CLANG_WARN_DEPRECATED_OBJC_IMPLEMENTATIONS = YES;
				CLANG_WARN_DIRECT_OBJC_ISA_USAGE = YES_ERROR;
				CLANG_WARN_DOCUMENTATION_COMMENTS = YES;
				CLANG_WARN_EMPTY_BODY = YES;
				CLANG_WARN_ENUM_CONVERSION = YES;
				CLANG_WARN_INFINITE_RECURSION = YES;
				CLANG_WARN_INT_CONVERSION = YES;
				CLANG_WARN_NON_LITERAL_NULL_CONVERSION = YES;
				CLANG_WARN_OBJC_IMPLICIT_RETAIN_SELF = YES;
				CLANG_WARN_OBJC_LITERAL_CONVERSION = YES;
				CLANG_WARN_OBJC_ROOT_CLASS = YES_ERROR;
				CLANG_WARN_QUOTED_INCLUDE_IN_FRAMEWORK_HEADER = YES;
				CLANG_WARN_RANGE_LOOP_ANALYSIS = YES;
				CLANG_WARN_STRICT_PROTOTYPES = YES;
				CLANG_WARN_SUSPICIOUS_MOVE = YES;
				CLANG_WARN_UNGUARDED_AVAILABILITY = YES_AGGRESSIVE;
				CLANG_WARN_UNREACHABLE_CODE = YES;
				CLANG_WARN__DUPLICATE_METHOD_MATCH = YES;
				COPY_PHASE_STRIP = NO;
				DEBUG_INFORMATION_FORMAT = "dwarf-with-dsym";
				ENABLE_NS_ASSERTIONS = NO;
				ENABLE_STRICT_OBJC_MSGSEND = YES;
				GCC_C_LANGUAGE_STANDARD = gnu11;
				GCC_NO_COMMON_BLOCKS = YES;
				GCC_WARN_64_TO_32_BIT_CONVERSION = YES;
				GCC_WARN_ABOUT_RETURN_TYPE = YES_ERROR;
				GCC_WARN_UNDECLARED_SELECTOR = YES;
				GCC_WARN_UNINITIALIZED_AUTOS = YES_AGGRESSIVE;
				GCC_WARN_UNUSED_FUNCTION = YES;
				GCC_WARN_UNUSED_VARIABLE = YES;
				IPHONEOS_DEPLOYMENT_TARGET = 15.2;
				MTL_ENABLE_DEBUG_INFO = NO;
				MTL_FAST_MATH = YES;
				SDKROOT = iphoneos;
				SWIFT_COMPILATION_MODE = wholemodule;
				SWIFT_OPTIMIZATION_LEVEL = "-O";
				VALIDATE_PRODUCT = YES;
			};
			name = Release;
		};
		9BDA98E027A32BC7009FA7A4 /* Debug */ = {
			isa = XCBuildConfiguration;
			buildSettings = {
				ASSETCATALOG_COMPILER_APPICON_NAME = AppIcon;
				ASSETCATALOG_COMPILER_GLOBAL_ACCENT_COLOR_NAME = AccentColor;
				CODE_SIGN_STYLE = Automatic;
				CURRENT_PROJECT_VERSION = 1;
				GENERATE_INFOPLIST_FILE = YES;
				INFOPLIST_FILE = "swiftpackgemanager-dio/Info.plist";
				INFOPLIST_KEY_UIApplicationSupportsIndirectInputEvents = YES;
				INFOPLIST_KEY_UILaunchStoryboardName = LaunchScreen;
				INFOPLIST_KEY_UIMainStoryboardFile = Main;
				INFOPLIST_KEY_UISupportedInterfaceOrientations_iPad = "UIInterfaceOrientationPortrait UIInterfaceOrientationPortraitUpsideDown UIInterfaceOrientationLandscapeLeft UIInterfaceOrientationLandscapeRight";
				INFOPLIST_KEY_UISupportedInterfaceOrientations_iPhone = "UIInterfaceOrientationPortrait UIInterfaceOrientationLandscapeLeft UIInterfaceOrientationLandscapeRight";
				LD_RUNPATH_SEARCH_PATHS = (
					"$(inherited)",
					"@executable_path/Frameworks",
				);
				MARKETING_VERSION = 1.0;
				PRODUCT_BUNDLE_IDENTIFIER = "swiftpackege.dio.swiftpackgemanager-dio";
				PRODUCT_NAME = "$(TARGET_NAME)";
				SWIFT_EMIT_LOC_STRINGS = YES;
				SWIFT_VERSION = 5.0;
				TARGETED_DEVICE_FAMILY = "1,2";
			};
			name = Debug;
		};
		9BDA98E127A32BC7009FA7A4 /* Release */ = {
			isa = XCBuildConfiguration;
			buildSettings = {
				ASSETCATALOG_COMPILER_APPICON_NAME = AppIcon;
				ASSETCATALOG_COMPILER_GLOBAL_ACCENT_COLOR_NAME = AccentColor;
				CODE_SIGN_STYLE = Automatic;
				CURRENT_PROJECT_VERSION = 1;
				GENERATE_INFOPLIST_FILE = YES;
				INFOPLIST_FILE = "swiftpackgemanager-dio/Info.plist";
				INFOPLIST_KEY_UIApplicationSupportsIndirectInputEvents = YES;
				INFOPLIST_KEY_UILaunchStoryboardName = LaunchScreen;
				INFOPLIST_KEY_UIMainStoryboardFile = Main;
				INFOPLIST_KEY_UISupportedInterfaceOrientations_iPad = "UIInterfaceOrientationPortrait UIInterfaceOrientationPortraitUpsideDown UIInterfaceOrientationLandscapeLeft UIInterfaceOrientationLandscapeRight";
				INFOPLIST_KEY_UISupportedInterfaceOrientations_iPhone = "UIInterfaceOrientationPortrait UIInterfaceOrientationLandscapeLeft UIInterfaceOrientationLandscapeRight";
				LD_RUNPATH_SEARCH_PATHS = (
					"$(inherited)",
					"@executable_path/Frameworks",
				);
				MARKETING_VERSION = 1.0;
				PRODUCT_BUNDLE_IDENTIFIER = "swiftpackege.dio.swiftpackgemanager-dio";
				PRODUCT_NAME = "$(TARGET_NAME)";
				SWIFT_EMIT_LOC_STRINGS = YES;
				SWIFT_VERSION = 5.0;
				TARGETED_DEVICE_FAMILY = "1,2";
			};
			name = Release;
		};
		9BDA98E327A32BC7009FA7A4 /* Debug */ = {
			isa = XCBuildConfiguration;
			buildSettings = {
				ALWAYS_EMBED_SWIFT_STANDARD_LIBRARIES = YES;
				BUNDLE_LOADER = "$(TEST_HOST)";
				CODE_SIGN_STYLE = Automatic;
				CURRENT_PROJECT_VERSION = 1;
				GENERATE_INFOPLIST_FILE = YES;
				IPHONEOS_DEPLOYMENT_TARGET = 15.2;
				MARKETING_VERSION = 1.0;
				PRODUCT_BUNDLE_IDENTIFIER = "swiftpackege.dio.swiftpackgemanager-dioTests";
				PRODUCT_NAME = "$(TARGET_NAME)";
				SWIFT_EMIT_LOC_STRINGS = NO;
				SWIFT_VERSION = 5.0;
				TARGETED_DEVICE_FAMILY = "1,2";
				TEST_HOST = "$(BUILT_PRODUCTS_DIR)/swiftpackgemanager-dio.app/swiftpackgemanager-dio";
			};
			name = Debug;
		};
		9BDA98E427A32BC7009FA7A4 /* Release */ = {
			isa = XCBuildConfiguration;
			buildSettings = {
				ALWAYS_EMBED_SWIFT_STANDARD_LIBRARIES = YES;
				BUNDLE_LOADER = "$(TEST_HOST)";
				CODE_SIGN_STYLE = Automatic;
				CURRENT_PROJECT_VERSION = 1;
				GENERATE_INFOPLIST_FILE = YES;
				IPHONEOS_DEPLOYMENT_TARGET = 15.2;
				MARKETING_VERSION = 1.0;
				PRODUCT_BUNDLE_IDENTIFIER = "swiftpackege.dio.swiftpackgemanager-dioTests";
				PRODUCT_NAME = "$(TARGET_NAME)";
				SWIFT_EMIT_LOC_STRINGS = NO;
				SWIFT_VERSION = 5.0;
				TARGETED_DEVICE_FAMILY = "1,2";
				TEST_HOST = "$(BUILT_PRODUCTS_DIR)/swiftpackgemanager-dio.app/swiftpackgemanager-dio";
			};
			name = Release;
		};
		9BDA98E627A32BC7009FA7A4 /* Debug */ = {
			isa = XCBuildConfiguration;
			buildSettings = {
				ALWAYS_EMBED_SWIFT_STANDARD_LIBRARIES = YES;
				CODE_SIGN_STYLE = Automatic;
				CURRENT_PROJECT_VERSION = 1;
				GENERATE_INFOPLIST_FILE = YES;
				MARKETING_VERSION = 1.0;
				PRODUCT_BUNDLE_IDENTIFIER = "swiftpackege.dio.swiftpackgemanager-dioUITests";
				PRODUCT_NAME = "$(TARGET_NAME)";
				SWIFT_EMIT_LOC_STRINGS = NO;
				SWIFT_VERSION = 5.0;
				TARGETED_DEVICE_FAMILY = "1,2";
				TEST_TARGET_NAME = "swiftpackgemanager-dio";
			};
			name = Debug;
		};
		9BDA98E727A32BC7009FA7A4 /* Release */ = {
			isa = XCBuildConfiguration;
			buildSettings = {
				ALWAYS_EMBED_SWIFT_STANDARD_LIBRARIES = YES;
				CODE_SIGN_STYLE = Automatic;
				CURRENT_PROJECT_VERSION = 1;
				GENERATE_INFOPLIST_FILE = YES;
				MARKETING_VERSION = 1.0;
				PRODUCT_BUNDLE_IDENTIFIER = "swiftpackege.dio.swiftpackgemanager-dioUITests";
				PRODUCT_NAME = "$(TARGET_NAME)";
				SWIFT_EMIT_LOC_STRINGS = NO;
				SWIFT_VERSION = 5.0;
				TARGETED_DEVICE_FAMILY = "1,2";
				TEST_TARGET_NAME = "swiftpackgemanager-dio";
			};
			name = Release;
		};
/* End XCBuildConfiguration section */

/* Begin XCConfigurationList section */
		9BDA98B027A32BC5009FA7A4 /* Build configuration list for PBXProject "swiftpackgemanager-dio" */ = {
			isa = XCConfigurationList;
			buildConfigurations = (
				9BDA98DD27A32BC7009FA7A4 /* Debug */,
				9BDA98DE27A32BC7009FA7A4 /* Release */,
			);
			defaultConfigurationIsVisible = 0;
			defaultConfigurationName = Release;
		};
		9BDA98DF27A32BC7009FA7A4 /* Build configuration list for PBXNativeTarget "swiftpackgemanager-dio" */ = {
			isa = XCConfigurationList;
			buildConfigurations = (
				9BDA98E027A32BC7009FA7A4 /* Debug */,
				9BDA98E127A32BC7009FA7A4 /* Release */,
			);
			defaultConfigurationIsVisible = 0;
			defaultConfigurationName = Release;
		};
		9BDA98E227A32BC7009FA7A4 /* Build configuration list for PBXNativeTarget "swiftpackgemanager-dioTests" */ = {
			isa = XCConfigurationList;
			buildConfigurations = (
				9BDA98E327A32BC7009FA7A4 /* Debug */,
				9BDA98E427A32BC7009FA7A4 /* Release */,
			);
			defaultConfigurationIsVisible = 0;
			defaultConfigurationName = Release;
		};
		9BDA98E527A32BC7009FA7A4 /* Build configuration list for PBXNativeTarget "swiftpackgemanager-dioUITests" */ = {
			isa = XCConfigurationList;
			buildConfigurations = (
				9BDA98E627A32BC7009FA7A4 /* Debug */,
				9BDA98E727A32BC7009FA7A4 /* Release */,
			);
			defaultConfigurationIsVisible = 0;
			defaultConfigurationName = Release;
		};
/* End XCConfigurationList section */
	};
	rootObject = 9BDA98AD27A32BC5009FA7A4 /* Project object */;
}
